
Microsoft Visual Studio Solution File, Format Version 12.00
# Visual Studio 15
VisualStudioVersion = 15.0.28307.168
MinimumVisualStudioVersion = 10.0.40219.1
Project("{FAE04EC0-301F-11D3-BF4B-00C04F79EFBC}") = "downloader", "downloader\downloader.csproj", "{238E4050-82A1-494C-BD09-5D71001FB043}"
EndProject
Global
	GlobalSection(SolutionConfigurationPlatforms) = preSolution
		Debug|Any CPU = Debug|Any CPU
		Release|Any CPU = Release|Any CPU
	EndGlobalSection
	GlobalSection(ProjectConfigurationPlatforms) = postSolution
		{238E4050-82A1-494C-BD09-5D71001FB043}.Debug|Any CPU.ActiveCfg = Debug|Any CPU
		{238E4050-82A1-494C-BD09-5D71001FB043}.Debug|Any CPU.Build.0 = Debug|Any CPU
		{238E4050-82A1-494C-BD09-5D71001FB043}.Release|Any CPU.ActiveCfg = Release|Any CPU
		{238E4050-82A1-494C-BD09-5D71001FB043}.Release|Any CPU.Build.0 = Release|Any CPU
	EndGlobalSection
	GlobalSection(SolutionProperties) = preSolution
		HideSolutionNode = FALSE
	EndGlobalSection
	GlobalSection(ExtensibilityGlobals) = postSolution
		SolutionGuid = {6A893641-C545-4DDA-B1A9-FE950B18C753}
	EndGlobalSection
EndGlobal
